
Microsoft Visual Studio Solution File, Format Version 12.00
# Visual Studio Version 17
VisualStudioVersion = 17.14.37614.0
MinimumVisualStudioVersion = 10.0.40219.1
Project("{2150E333-8FDC-42A3-9474-1A3956D46DE8}") = "Task0", "Task0", "{02EA681E-C7D8-13C7-8484-4AC65E1B71E8}"
EndProject
Project("{FAE04EC0-301F-11D3-BF4B-00C04F79EFBC}") = "Tyuiu.BrylinaVV.Sprint0.Task0.V0", "Tyuiu.BrylinaVV.Sprint0.Task0.V0\Tyuiu.BrylinaVV.Sprint0.Task0.V0.csproj", "{FD036EDC-80B7-4409-8DF9-47CBBBF1C0D5}"
EndProject
Project("{2150E333-8FDC-42A3-9474-1A3956D46DE8}") = "Task1", "Task1", "{CEAC83AA-EA14-4BD8-B250-9C73B592F781}"
EndProject
Project("{FAE04EC0-301F-11D3-BF4B-00C04F79EFBC}") = "Tyuiu.BrylinaVV.Sprint0.Task1.V0", "Tyuiu.BrylinaVV.Sprint0.Task1.V0\Tyuiu.BrylinaVV.Sprint0.Task1.V0.csproj", "{9BD3B5C2-0BF4-4EBD-B8BE-4DDA0CE7D981}"
EndProject
Project("{2150E333-8FDC-42A3-9474-1A3956D46DE8}") = "Task2", "Task2", "{80053426-E769-4B86-AE1F-F902DD0D7556}"
EndProject
Project("{FAE04EC0-301F-11D3-BF4B-00C04F79EFBC}") = "Tyuiu.BrylinaVV.Sprint0.Task2.V0", "Tyuiu.BrylinaVV.Sprint0.Task2.V0\Tyuiu.BrylinaVV.Sprint0.Task2.V0.csproj", "{F4351918-EF46-4D7D-A53A-A4D34208B98E}"
EndProject
Project("{FAE04EC0-301F-11D3-BF4B-00C04F79EFBC}") = "Tyuiu.BrylinaVV.Sprint0.Task2.V0.Lib", "Tyuiu.BrylinaVV.Sprint0.Task2.V0.Lib\Tyuiu.BrylinaVV.Sprint0.Task2.V0.Lib.csproj", "{935BA26A-3314-4008-8086-EE0115DB9C05}"
EndProject
Project("{FAE04EC0-301F-11D3-BF4B-00C04F79EFBC}") = "Tyuiu.BrylinaVV.Sprint0.Task2.V0.Test", "Tyuiu.BrylinaVV.Sprint0.Task2.V0.Test\Tyuiu.BrylinaVV.Sprint0.Task2.V0.Test.csproj", "{310D3424-FF84-433B-8F96-B7BE6495AAE4}"
EndProject
Project("{2150E333-8FDC-42A3-9474-1A3956D46DE8}") = "Task3", "Task3", "{2FB47C32-CE6A-4E3B-9CAD-BA153A6FA84C}"
EndProject
Project("{FAE04EC0-301F-11D3-BF4B-00C04F79EFBC}") = "Tyuiu.BrylinaVV.Sprint0.Task3.V0", "Tyuiu.BrylinaVV.Sprint0.Task3.V0\Tyuiu.BrylinaVV.Sprint0.Task3.V0.csproj", "{700A5A8B-A55A-4853-AA1E-C09F1FD9D01B}"
EndProject
Project("{FAE04EC0-301F-11D3-BF4B-00C04F79EFBC}") = "Tyuiu.BrylinaVV.Sprint0.Task3.V0.Lib", "Tyuiu.BrylinaVV.Sprint0.Task3.V0.Lib\Tyuiu.BrylinaVV.Sprint0.Task3.V0.Lib.csproj", "{F198B963-00B4-406B-AB42-1EAC4BAC038D}"
EndProject
Project("{FAE04EC0-301F-11D3-BF4B-00C04F79EFBC}") = "Tyuiu.BrylinaVV.Sprint0.Task3.V0.Test", "Tyuiu.BrylinaVV.Sprint0.Task3.V0.Test\Tyuiu.BrylinaVV.Sprint0.Task3.V0.Test.csproj", "{33BD8A0C-EB93-4998-9D1F-A02479A8BF97}"
EndProject
Project("{2150E333-8FDC-42A3-9474-1A3956D46DE8}") = "Task4", "Task4", "{ABDA1A7C-AA88-41D5-AFD2-CC3024EC536C}"
EndProject
Project("{FAE04EC0-301F-11D3-BF4B-00C04F79EFBC}") = "Tyuiu.BrylinaVV.Sprint0.Task4.V0", "Tyuiu.BrylinaVV.Sprint0.Task4.V0\Tyuiu.BrylinaVV.Sprint0.Task4.V0.csproj", "{9413BA3B-658F-402B-8496-255B00B50652}"
EndProject
Project("{FAE04EC0-301F-11D3-BF4B-00C04F79EFBC}") = "Tyuiu.BrylinaVV.Sprint0.Task4.V0.Lib", "Tyuiu.BrylinaVV.Sprint0.Task4.V0.Lib\Tyuiu.BrylinaVV.Sprint0.Task4.V0.Lib.csproj", "{7B272144-C604-4146-AB9A-46E2B8F91CAD}"
EndProject
Project("{FAE04EC0-301F-11D3-BF4B-00C04F79EFBC}") = "Tyuiu.BrylinaVV.Sprint0.Task4.V0.Test", "Tyuiu.BrylinaVV.Sprint0.Task4.V0.Test\Tyuiu.BrylinaVV.Sprint0.Task4.V0.Test.csproj", "{3315A48F-C431-48BA-9444-7EBB301999B4}"
EndProject
Project("{2150E333-8FDC-42A3-9474-1A3956D46DE8}") = "Task5", "Task5", "{90C59C01-6A37-4B76-8553-AD704CA51BF5}"
EndProject
Project("{FAE04EC0-301F-11D3-BF4B-00C04F79EFBC}") = "Tyuiu.BrylinaVV.Sprint0.Task5.V0", "Tyuiu.BrylinaVV.Sprint0.Task5.V0\Tyuiu.BrylinaVV.Sprint0.Task5.V0.csproj", "{B6DBBFC4-48D4-4457-A300-B5A4FBB4733A}"
EndProject
Project("{FAE04EC0-301F-11D3-BF4B-00C04F79EFBC}") = "Tyuiu.BrylinaVV.Sprint0.Task5.V0.Lib", "Tyuiu.BrylinaVV.Sprint0.Task5.V0.Lib\Tyuiu.BrylinaVV.Sprint0.Task5.V0.Lib.csproj", "{6E3C22A3-05B0-4E3D-8BE2-FC0DF78B1072}"
EndProject
Project("{FAE04EC0-301F-11D3-BF4B-00C04F79EFBC}") = "Tyuiu.BrylinaVV.Sprint0.Task5.V0.Test", "Tyuiu.BrylinaVV.Sprint0.Task5.V0.Test\Tyuiu.BrylinaVV.Sprint0.Task5.V0.Test.csproj", "{1050F14D-344D-4B2C-BA66-AAA7343037E5}"
EndProject
Project("{2150E333-8FDC-42A3-9474-1A3956D46DE8}") = "Task6", "Task6", "{407D61C9-5D55-432C-BBC2-A458F052C23C}"
EndProject
Project("{FAE04EC0-301F-11D3-BF4B-00C04F79EFBC}") = "Tyuiu.BrylinaVV.Sprint0.Task6.V0", "Tyuiu.BrylinaVV.Sprint0.Task6.V0\Tyuiu.BrylinaVV.Sprint0.Task6.V0.csproj", "{D1B2AA9C-9566-425F-9D58-912BC6CCA106}"
EndProject
Project("{FAE04EC0-301F-11D3-BF4B-00C04F79EFBC}") = "Tyuiu.BrylinaVV.Sprint0.Task6.V0.Lib", "Tyuiu.BrylinaVV.Sprint0.Task6.V0.Lib\Tyuiu.BrylinaVV.Sprint0.Task6.V0.Lib.csproj", "{0A9603C3-F6C4-4ED5-9556-E4B1039EE026}"
EndProject
Project("{FAE04EC0-301F-11D3-BF4B-00C04F79EFBC}") = "Tyuiu.BrylinaVV.Sprint0.Task6.V0.Test", "Tyuiu.BrylinaVV.Sprint0.Task6.V0.Test\Tyuiu.BrylinaVV.Sprint0.Task6.V0.Test.csproj", "{0ACDC1E8-5E24-44B3-B443-8D72313A8595}"
EndProject
Global
	GlobalSection(SolutionConfigurationPlatforms) = preSolution
		Debug|Any CPU = Debug|Any CPU
		Release|Any CPU = Release|Any CPU
	EndGlobalSection
	GlobalSection(ProjectConfigurationPlatforms) = postSolution
		{FD036EDC-80B7-4409-8DF9-47CBBBF1C0D5}.Debug|Any CPU.ActiveCfg = Debug|Any CPU
		{FD036EDC-80B7-4409-8DF9-47CBBBF1C0D5}.Debug|Any CPU.Build.0 = Debug|Any CPU
		{FD036EDC-80B7-4409-8DF9-47CBBBF1C0D5}.Release|Any CPU.ActiveCfg = Release|Any CPU
		{FD036EDC-80B7-4409-8DF9-47CBBBF1C0D5}.Release|Any CPU.Build.0 = Release|Any CPU
		{9BD3B5C2-0BF4-4EBD-B8BE-4DDA0CE7D981}.Debug|Any CPU.ActiveCfg = Debug|Any CPU
		{9BD3B5C2-0BF4-4EBD-B8BE-4DDA0CE7D981}.Debug|Any CPU.Build.0 = Debug|Any CPU
		{9BD3B5C2-0BF4-4EBD-B8BE-4DDA0CE7D981}.Release|Any CPU.ActiveCfg = Release|Any CPU
		{9BD3B5C2-0BF4-4EBD-B8BE-4DDA0CE7D981}.Release|Any CPU.Build.0 = Release|Any CPU
		{F4351918-EF46-4D7D-A53A-A4D34208B98E}.Debug|Any CPU.ActiveCfg = Debug|Any CPU
		{F4351918-EF46-4D7D-A53A-A4D34208B98E}.Debug|Any CPU.Build.0 = Debug|Any CPU
		{F4351918-EF46-4D7D-A53A-A4D34208B98E}.Release|Any CPU.ActiveCfg = Release|Any CPU
		{F4351918-EF46-4D7D-A53A-A4D34208B98E}.Release|Any CPU.Build.0 = Release|Any CPU
		{935BA26A-3314-4008-8086-EE0115DB9C05}.Debug|Any CPU.ActiveCfg = Debug|Any CPU
		{935BA26A-3314-4008-8086-EE0115DB9C05}.Debug|Any CPU.Build.0 = Debug|Any CPU
		{935BA26A-3314-4008-8086-EE0115DB9C05}.Release|Any CPU.ActiveCfg = Release|Any CPU
		{935BA26A-3314-4008-8086-EE0115DB9C05}.Release|Any CPU.Build.0 = Release|Any CPU
		{310D3424-FF84-433B-8F96-B7BE6495AAE4}.Debug|Any CPU.ActiveCfg = Debug|Any CPU
		{310D3424-FF84-433B-8F96-B7BE6495AAE4}.Debug|Any CPU.Build.0 = Debug|Any CPU
		{310D3424-FF84-433B-8F96-B7BE6495AAE4}.Release|Any CPU.ActiveCfg = Release|Any CPU
		{310D3424-FF84-433B-8F96-B7BE6495AAE4}.Release|Any CPU.Build.0 = Release|Any CPU
		{700A5A8B-A55A-4853-AA1E-C09F1FD9D01B}.Debug|Any CPU.ActiveCfg = Debug|Any CPU
		{700A5A8B-A55A-4853-AA1E-C09F1FD9D01B}.Debug|Any CPU.Build.0 = Debug|Any CPU
		{700A5A8B-A55A-4853-AA1E-C09F1FD9D01B}.Release|Any CPU.ActiveCfg = Release|Any CPU
		{700A5A8B-A55A-4853-AA1E-C09F1FD9D01B}.Release|Any CPU.Build.0 = Release|Any CPU
		{F198B963-00B4-406B-AB42-1EAC4BAC038D}.Debug|Any CPU.ActiveCfg = Debug|Any CPU
		{F198B963-00B4-406B-AB42-1EAC4BAC038D}.Debug|Any CPU.Build.0 = Debug|Any CPU
		{F198B963-00B4-406B-AB42-1EAC4BAC038D}.Release|Any CPU.ActiveCfg = Release|Any CPU
		{F198B963-00B4-406B-AB42-1EAC4BAC038D}.Release|Any CPU.Build.0 = Release|Any CPU
		{33BD8A0C-EB93-4998-9D1F-A02479A8BF97}.Debug|Any CPU.ActiveCfg = Debug|Any CPU
		{33BD8A0C-EB93-4998-9D1F-A02479A8BF97}.Debug|Any CPU.Build.0 = Debug|Any CPU
		{33BD8A0C-EB93-4998-9D1F-A02479A8BF97}.Release|Any CPU.ActiveCfg = Release|Any CPU
		{33BD8A0C-EB93-4998-9D1F-A02479A8BF97}.Release|Any CPU.Build.0 = Release|Any CPU
		{9413BA3B-658F-402B-8496-255B00B50652}.Debug|Any CPU.ActiveCfg = Debug|Any CPU
		{9413BA3B-658F-402B-8496-255B00B50652}.Debug|Any CPU.Build.0 = Debug|Any CPU
		{9413BA3B-658F-402B-8496-255B00B50652}.Release|Any CPU.ActiveCfg = Release|Any CPU
		{9413BA3B-658F-402B-8496-255B00B50652}.Release|Any CPU.Build.0 = Release|Any CPU
		{7B272144-C604-4146-AB9A-46E2B8F91CAD}.Debug|Any CPU.ActiveCfg = Debug|Any CPU
		{7B272144-C604-4146-AB9A-46E2B8F91CAD}.Debug|Any CPU.Build.0 = Debug|Any CPU
		{7B272144-C604-4146-AB9A-46E2B8F91CAD}.Release|Any CPU.ActiveCfg = Release|Any CPU
		{7B272144-C604-4146-AB9A-46E2B8F91CAD}.Release|Any CPU.Build.0 = Release|Any CPU
		{3315A48F-C431-48BA-9444-7EBB301999B4}.Debug|Any CPU.ActiveCfg = Debug|Any CPU
		{3315A48F-C431-48BA-9444-7EBB301999B4}.Debug|Any CPU.Build.0 = Debug|Any CPU
		{3315A48F-C431-48BA-9444-7EBB301999B4}.Release|Any CPU.ActiveCfg = Release|Any CPU
		{3315A48F-C431-48BA-9444-7EBB301999B4}.Release|Any CPU.Build.0 = Release|Any CPU
		{B6DBBFC4-48D4-4457-A300-B5A4FBB4733A}.Debug|Any CPU.ActiveCfg = Debug|Any CPU
		{B6DBBFC4-48D4-4457-A300-B5A4FBB4733A}.Debug|Any CPU.Build.0 = Debug|Any CPU
		{B6DBBFC4-48D4-4457-A300-B5A4FBB4733A}.Release|Any CPU.ActiveCfg = Release|Any CPU
		{B6DBBFC4-48D4-4457-A300-B5A4FBB4733A}.Release|Any CPU.Build.0 = Release|Any CPU
		{6E3C22A3-05B0-4E3D-8BE2-FC0DF78B1072}.Debug|Any CPU.ActiveCfg = Debug|Any CPU
		{6E3C22A3-05B0-4E3D-8BE2-FC0DF78B1072}.Debug|Any CPU.Build.0 = Debug|Any CPU
		{6E3C22A3-05B0-4E3D-8BE2-FC0DF78B1072}.Release|Any CPU.ActiveCfg = Release|Any CPU
		{6E3C22A3-05B0-4E3D-8BE2-FC0DF78B1072}.Release|Any CPU.Build.0 = Release|Any CPU
		{1050F14D-344D-4B2C-BA66-AAA7343037E5}.Debug|Any CPU.ActiveCfg = Debug|Any CPU
		{1050F14D-344D-4B2C-BA66-AAA7343037E5}.Debug|Any CPU.Build.0 = Debug|Any CPU
		{1050F14D-344D-4B2C-BA66-AAA7343037E5}.Release|Any CPU.ActiveCfg = Release|Any CPU
		{1050F14D-344D-4B2C-BA66-AAA7343037E5}.Release|Any CPU.Build.0 = Release|Any CPU
		{D1B2AA9C-9566-425F-9D58-912BC6CCA106}.Debug|Any CPU.ActiveCfg = Debug|Any CPU
		{D1B2AA9C-9566-425F-9D58-912BC6CCA106}.Debug|Any CPU.Build.0 = Debug|Any CPU
		{D1B2AA9C-9566-425F-9D58-912BC6CCA106}.Release|Any CPU.ActiveCfg = Release|Any CPU
		{D1B2AA9C-9566-425F-9D58-912BC6CCA106}.Release|Any CPU.Build.0 = Release|Any CPU
		{0A9603C3-F6C4-4ED5-9556-E4B1039EE026}.Debug|Any CPU.ActiveCfg = Debug|Any CPU
		{0A9603C3-F6C4-4ED5-9556-E4B1039EE026}.Debug|Any CPU.Build.0 = Debug|Any CPU
		{0A9603C3-F6C4-4ED5-9556-E4B1039EE026}.Release|Any CPU.ActiveCfg = Release|Any CPU
		{0A9603C3-F6C4-4ED5-9556-E4B1039EE026}.Release|Any CPU.Build.0 = Release|Any CPU
		{0ACDC1E8-5E24-44B3-B443-8D72313A8595}.Debug|Any CPU.ActiveCfg = Debug|Any CPU
		{0ACDC1E8-5E24-44B3-B443-8D72313A8595}.Debug|Any CPU.Build.0 = Debug|Any CPU
		{0ACDC1E8-5E24-44B3-B443-8D72313A8595}.Release|Any CPU.ActiveCfg = Release|Any CPU
		{0ACDC1E8-5E24-44B3-B443-8D72313A8595}.Release|Any CPU.Build.0 = Release|Any CPU
	EndGlobalSection
	GlobalSection(SolutionProperties) = preSolution
		HideSolutionNode = FALSE
	EndGlobalSection
	GlobalSection(NestedProjects) = preSolution
		{FD036EDC-80B7-4409-8DF9-47CBBBF1C0D5} = {02EA681E-C7D8-13C7-8484-4AC65E1B71E8}
		{9BD3B5C2-0BF4-4EBD-B8BE-4DDA0CE7D981} = {CEAC83AA-EA14-4BD8-B250-9C73B592F781}
		{F4351918-EF46-4D7D-A53A-A4D34208B98E} = {80053426-E769-4B86-AE1F-F902DD0D7556}
		{935BA26A-3314-4008-8086-EE0115DB9C05} = {80053426-E769-4B86-AE1F-F902DD0D7556}
		{310D3424-FF84-433B-8F96-B7BE6495AAE4} = {80053426-E769-4B86-AE1F-F902DD0D7556}
		{700A5A8B-A55A-4853-AA1E-C09F1FD9D01B} = {2FB47C32-CE6A-4E3B-9CAD-BA153A6FA84C}
		{F198B963-00B4-406B-AB42-1EAC4BAC038D} = {2FB47C32-CE6A-4E3B-9CAD-BA153A6FA84C}
		{33BD8A0C-EB93-4998-9D1F-A02479A8BF97} = {2FB47C32-CE6A-4E3B-9CAD-BA153A6FA84C}
		{9413BA3B-658F-402B-8496-255B00B50652} = {ABDA1A7C-AA88-41D5-AFD2-CC3024EC536C}
		{7B272144-C604-4146-AB9A-46E2B8F91CAD} = {ABDA1A7C-AA88-41D5-AFD2-CC3024EC536C}
		{3315A48F-C431-48BA-9444-7EBB301999B4} = {ABDA1A7C-AA88-41D5-AFD2-CC3024EC536C}
		{B6DBBFC4-48D4-4457-A300-B5A4FBB4733A} = {90C59C01-6A37-4B76-8553-AD704CA51BF5}
		{6E3C22A3-05B0-4E3D-8BE2-FC0DF78B1072} = {90C59C01-6A37-4B76-8553-AD704CA51BF5}
		{1050F14D-344D-4B2C-BA66-AAA7343037E5} = {90C59C01-6A37-4B76-8553-AD704CA51BF5}
		{D1B2AA9C-9566-425F-9D58-912BC6CCA106} = {407D61C9-5D55-432C-BBC2-A458F052C23C}
		{0A9603C3-F6C4-4ED5-9556-E4B1039EE026} = {407D61C9-5D55-432C-BBC2-A458F052C23C}
		{0ACDC1E8-5E24-44B3-B443-8D72313A8595} = {407D61C9-5D55-432C-BBC2-A458F052C23C}
	EndGlobalSection
	GlobalSection(ExtensibilityGlobals) = postSolution
		SolutionGuid = {EE3CFEF7-6EEC-40A5-886B-E8F11248626C}
	EndGlobalSection
EndGlobal
